// !$*UTF8*$!
{
	archiveVersion = 1;
	classes = {
	};
	objectVersion = 55;
	objects = {

/* Begin PBXBuildFile section */
		A1A1482A287F522200709CA9 /* GameManager.swift in Sources */ = {isa = PBXBuildFile; fileRef = A1A14829287F522200709CA9 /* GameManager.swift */; };
		A1B4593D287D79DE00E56736 /* GuessTheFlagApp.swift in Sources */ = {isa = PBXBuildFile; fileRef = A1B4593C287D79DE00E56736 /* GuessTheFlagApp.swift */; };
		A1B4593F287D79DE00E56736 /* ContentView.swift in Sources */ = {isa = PBXBuildFile; fileRef = A1B4593E287D79DE00E56736 /* ContentView.swift */; };
		A1B45941287D79E200E56736 /* Assets.xcassets in Resources */ = {isa = PBXBuildFile; fileRef = A1B45940287D79E200E56736 /* Assets.xcassets */; };
		A1B45944287D79E200E56736 /* Preview Assets.xcassets in Resources */ = {isa = PBXBuildFile; fileRef = A1B45943287D79E200E56736 /* Preview Assets.xcassets */; };
		A1B4594E287D8A8400E56736 /* PrimaryButton.swift in Sources */ = {isa = PBXBuildFile; fileRef = A1B4594D287D8A8400E56736 /* PrimaryButton.swift */; };
		A1B45951287D8E2400E56736 /* Extensions.swift in Sources */ = {isa = PBXBuildFile; fileRef = A1B45950287D8E2400E56736 /* Extensions.swift */; };
		A1B45953287D8EFE00E56736 /* QuestionView.swift in Sources */ = {isa = PBXBuildFile; fileRef = A1B45952287D8EFE00E56736 /* QuestionView.swift */; };
		A1B45955287D922400E56736 /* ProgressBar.swift in Sources */ = {isa = PBXBuildFile; fileRef = A1B45954287D922400E56736 /* ProgressBar.swift */; };
		A1B4595A287D967200E56736 /* AnswerRow.swift in Sources */ = {isa = PBXBuildFile; fileRef = A1B45959287D967200E56736 /* AnswerRow.swift */; };
		A1B4595C287DA90300E56736 /* GameView.swift in Sources */ = {isa = PBXBuildFile; fileRef = A1B4595B287DA90300E56736 /* GameView.swift */; };
		A1B4595E287DAABC00E56736 /* FlagView.swift in Sources */ = {isa = PBXBuildFile; fileRef = A1B4595D287DAABC00E56736 /* FlagView.swift */; };
		A1B4596A287DD46200E56736 /* FlagData.swift in Sources */ = {isa = PBXBuildFile; fileRef = A1B45969287DD46200E56736 /* FlagData.swift */; };
		A1B4596C287DD68200E56736 /* test.swift in Sources */ = {isa = PBXBuildFile; fileRef = A1B4596B287DD68200E56736 /* test.swift */; };
		A1B4596E287DF41300E56736 /* Answer.swift in Sources */ = {isa = PBXBuildFile; fileRef = A1B4596D287DF41300E56736 /* Answer.swift */; };
		A1B45970287DF58600E56736 /* data_json.json in Resources */ = {isa = PBXBuildFile; fileRef = A1B4596F287DF58600E56736 /* data_json.json */; };
/* End PBXBuildFile section */

/* Begin PBXFileReference section */
		A1A14829287F522200709CA9 /* GameManager.swift */ = {isa = PBXFileReference; lastKnownFileType = sourcecode.swift; path = GameManager.swift; sourceTree = "<group>"; };
		A1B45939287D79DE00E56736 /* GuessTheFlag.app */ = {isa = PBXFileReference; explicitFileType = wrapper.application; includeInIndex = 0; path = GuessTheFlag.app; sourceTree = BUILT_PRODUCTS_DIR; };
		A1B4593C287D79DE00E56736 /* GuessTheFlagApp.swift */ = {isa = PBXFileReference; lastKnownFileType = sourcecode.swift; path = GuessTheFlagApp.swift; sourceTree = "<group>"; };
		A1B4593E287D79DE00E56736 /* ContentView.swift */ = {isa = PBXFileReference; lastKnownFileType = sourcecode.swift; path = ContentView.swift; sourceTree = "<group>"; };
		A1B45940287D79E200E56736 /* Assets.xcassets */ = {isa = PBXFileReference; lastKnownFileType = folder.assetcatalog; path = Assets.xcassets; sourceTree = "<group>"; };
		A1B45943287D79E200E56736 /* Preview Assets.xcassets */ = {isa = PBXFileReference; lastKnownFileType = folder.assetcatalog; path = "Preview Assets.xcassets"; sourceTree = "<group>"; };
		A1B4594D287D8A8400E56736 /* PrimaryButton.swift */ = {isa = PBXFileReference; lastKnownFileType = sourcecode.swift; path = PrimaryButton.swift; sourceTree = "<group>"; };
		A1B45950287D8E2400E56736 /* Extensions.swift */ = {isa = PBXFileReference; lastKnownFileType = sourcecode.swift; path = Extensions.swift; sourceTree = "<group>"; };
		A1B45952287D8EFE00E56736 /* QuestionView.swift */ = {isa = PBXFileReference; lastKnownFileType = sourcecode.swift; path = QuestionView.swift; sourceTree = "<group>"; };
		A1B45954287D922400E56736 /* ProgressBar.swift */ = {isa = PBXFileReference; lastKnownFileType = sourcecode.swift; path = ProgressBar.swift; sourceTree = "<group>"; };
		A1B45959287D967200E56736 /* AnswerRow.swift */ = {isa = PBXFileReference; lastKnownFileType = sourcecode.swift; path = AnswerRow.swift; sourceTree = "<group>"; };
		A1B4595B287DA90300E56736 /* GameView.swift */ = {isa = PBXFileReference; lastKnownFileType = sourcecode.swift; path = GameView.swift; sourceTree = "<group>"; };
		A1B4595D287DAABC00E56736 /* FlagView.swift */ = {isa = PBXFileReference; lastKnownFileType = sourcecode.swift; path = FlagView.swift; sourceTree = "<group>"; };
		A1B45969287DD46200E56736 /* FlagData.swift */ = {isa = PBXFileReference; lastKnownFileType = sourcecode.swift; path = FlagData.swift; sourceTree = "<group>"; };
		A1B4596B287DD68200E56736 /* test.swift */ = {isa = PBXFileReference; lastKnownFileType = sourcecode.swift; path = test.swift; sourceTree = "<group>"; };
		A1B4596D287DF41300E56736 /* Answer.swift */ = {isa = PBXFileReference; lastKnownFileType = sourcecode.swift; path = Answer.swift; sourceTree = "<group>"; };
		A1B4596F287DF58600E56736 /* data_json.json */ = {isa = PBXFileReference; fileEncoding = 4; lastKnownFileType = text.json; path = data_json.json; sourceTree = "<group>"; };
/* End PBXFileReference section */

/* Begin PBXFrameworksBuildPhase section */
		A1B45936287D79DE00E56736 /* Frameworks */ = {
			isa = PBXFrameworksBuildPhase;
			buildActionMask = 2147483647;
			files = (
			);
			runOnlyForDeploymentPostprocessing = 0;
		};
/* End PBXFrameworksBuildPhase section */

/* Begin PBXGroup section */
		A1B45930287D79DE00E56736 = {
			isa = PBXGroup;
			children = (
				A1B4593B287D79DE00E56736 /* GuessTheFlag */,
				A1B4593A287D79DE00E56736 /* Products */,
			);
			sourceTree = "<group>";
		};
		A1B4593A287D79DE00E56736 /* Products */ = {
			isa = PBXGroup;
			children = (
				A1B45939287D79DE00E56736 /* GuessTheFlag.app */,
			);
			name = Products;
			sourceTree = "<group>";
		};
		A1B4593B287D79DE00E56736 /* GuessTheFlag */ = {
			isa = PBXGroup;
			children = (
				A1B4593C287D79DE00E56736 /* GuessTheFlagApp.swift */,
				A1B45950287D8E2400E56736 /* Extensions.swift */,
				A1B4594F287D8BA900E56736 /* Views */,
				A1B4594C287D8A5F00E56736 /* Components */,
				A1B45956287D95D500E56736 /* Models */,
				A1B45940287D79E200E56736 /* Assets.xcassets */,
				A1B45942287D79E200E56736 /* Preview Content */,
				A1A14829287F522200709CA9 /* GameManager.swift */,
			);
			path = GuessTheFlag;
			sourceTree = "<group>";
		};
		A1B45942287D79E200E56736 /* Preview Content */ = {
			isa = PBXGroup;
			children = (
				A1B45943287D79E200E56736 /* Preview Assets.xcassets */,
			);
			path = "Preview Content";
			sourceTree = "<group>";
		};
		A1B4594C287D8A5F00E56736 /* Components */ = {
			isa = PBXGroup;
			children = (
				A1B4594D287D8A8400E56736 /* PrimaryButton.swift */,
				A1B45954287D922400E56736 /* ProgressBar.swift */,
				A1B45959287D967200E56736 /* AnswerRow.swift */,
			);
			path = Components;
			sourceTree = "<group>";
		};
		A1B4594F287D8BA900E56736 /* Views */ = {
			isa = PBXGroup;
			children = (
				A1B4593E287D79DE00E56736 /* ContentView.swift */,
				A1B4595B287DA90300E56736 /* GameView.swift */,
				A1B45952287D8EFE00E56736 /* QuestionView.swift */,
				A1B4595D287DAABC00E56736 /* FlagView.swift */,
				A1B4596B287DD68200E56736 /* test.swift */,
			);
			path = Views;
			sourceTree = "<group>";
		};
		A1B45956287D95D500E56736 /* Models */ = {
			isa = PBXGroup;
			children = (
				A1B4596F287DF58600E56736 /* data_json.json */,
				A1B45969287DD46200E56736 /* FlagData.swift */,
				A1B4596D287DF41300E56736 /* Answer.swift */,
			);
			path = Models;
			sourceTree = "<group>";
		};
/* End PBXGroup section */

/* Begin PBXNativeTarget section */
		A1B45938287D79DE00E56736 /* GuessTheFlag */ = {
			isa = PBXNativeTarget;
			buildConfigurationList = A1B45947287D79E200E56736 /* Build configuration list for PBXNativeTarget "GuessTheFlag" */;
			buildPhases = (
				A1B45935287D79DE00E56736 /* Sources */,
				A1B45936287D79DE00E56736 /* Frameworks */,
				A1B45937287D79DE00E56736 /* Resources */,
			);
			buildRules = (
			);
			dependencies = (
			);
			name = GuessTheFlag;
			productName = GuessTheFlag;
			productReference = A1B45939287D79DE00E56736 /* GuessTheFlag.app */;
			productType = "com.apple.product-type.application";
		};
/* End PBXNativeTarget section */

/* Begin PBXProject section */
		A1B45931287D79DE00E56736 /* Project object */ = {
			isa = PBXProject;
			attributes = {
				BuildIndependentTargetsInParallel = 1;
				LastSwiftUpdateCheck = 1330;
				LastUpgradeCheck = 1330;
				TargetAttributes = {
					A1B45938287D79DE00E56736 = {
						CreatedOnToolsVersion = 13.3.1;
					};
				};
			};
			buildConfigurationList = A1B45934287D79DE00E56736 /* Build configuration list for PBXProject "GuessTheFlag" */;
			compatibilityVersion = "Xcode 13.0";
			developmentRegion = en;
			hasScannedForEncodings = 0;
			knownRegions = (
				en,
				Base,
			);
			mainGroup = A1B45930287D79DE00E56736;
			productRefGroup = A1B4593A287D79DE00E56736 /* Products */;
			projectDirPath = "";
			projectRoot = "";
			targets = (
				A1B45938287D79DE00E56736 /* GuessTheFlag */,
			);
		};
/* End PBXProject section */

/* Begin PBXResourcesBuildPhase section */
		A1B45937287D79DE00E56736 /* Resources */ = {
			isa = PBXResourcesBuildPhase;
			buildActionMask = 2147483647;
			files = (
				A1B45944287D79E200E56736 /* Preview Assets.xcassets in Resources */,
				A1B45970287DF58600E56736 /* data_json.json in Resources */,
				A1B45941287D79E200E56736 /* Assets.xcassets in Resources */,
			);
			runOnlyForDeploymentPostprocessing = 0;
		};
/* End PBXResourcesBuildPhase section */

/* Begin PBXSourcesBuildPhase section */
		A1B45935287D79DE00E56736 /* Sources */ = {
			isa = PBXSourcesBuildPhase;
			buildActionMask = 2147483647;
			files = (
				A1B45953287D8EFE00E56736 /* QuestionView.swift in Sources */,
				A1B4594E287D8A8400E56736 /* PrimaryButton.swift in Sources */,
				A1B4595A287D967200E56736 /* AnswerRow.swift in Sources */,
				A1B4596E287DF41300E56736 /* Answer.swift in Sources */,
				A1B4596C287DD68200E56736 /* test.swift in Sources */,
				A1B4593F287D79DE00E56736 /* ContentView.swift in Sources */,
				A1B4595C287DA90300E56736 /* GameView.swift in Sources */,
				A1B4596A287DD46200E56736 /* FlagData.swift in Sources */,
				A1B4593D287D79DE00E56736 /* GuessTheFlagApp.swift in Sources */,
				A1B4595E287DAABC00E56736 /* FlagView.swift in Sources */,
				A1B45955287D922400E56736 /* ProgressBar.swift in Sources */,
				A1B45951287D8E2400E56736 /* Extensions.swift in Sources */,
				A1A1482A287F522200709CA9 /* GameManager.swift in Sources */,
			);
			runOnlyForDeploymentPostprocessing = 0;
		};
/* End PBXSourcesBuildPhase section */

/* Begin XCBuildConfiguration section */
		A1B45945287D79E200E56736 /* Debug */ = {
			isa = XCBuildConfiguration;
			buildSettings = {
				ALWAYS_SEARCH_USER_PATHS = NO;
				CLANG_ANALYZER_NONNULL = YES;
				CLANG_ANALYZER_NUMBER_OBJECT_CONVERSION = YES_AGGRESSIVE;
				CLANG_CXX_LANGUAGE_STANDARD = "gnu++17";
				CLANG_ENABLE_MODULES = YES;
				CLANG_ENABLE_OBJC_ARC = YES;
				CLANG_ENABLE_OBJC_WEAK = YES;
				CLANG_WARN_BLOCK_CAPTURE_AUTORELEASING = YES;
				CLANG_WARN_BOOL_CONVERSION = YES;
				CLANG_WARN_COMMA = YES;
				CLANG_WARN_CONSTANT_CONVERSION = YES;
				CLANG_WARN_DEPRECATED_OBJC_IMPLEMENTATIONS = YES;
				CLANG_WARN_DIRECT_OBJC_ISA_USAGE = YES_ERROR;
				CLANG_WARN_DOCUMENTATION_COMMENTS = YES;
				CLANG_WARN_EMPTY_BODY = YES;
				CLANG_WARN_ENUM_CONVERSION = YES;
				CLANG_WARN_INFINITE_RECURSION = YES;
				CLANG_WARN_INT_CONVERSION = YES;
				CLANG_WARN_NON_LITERAL_NULL_CONVERSION = YES;
				CLANG_WARN_OBJC_IMPLICIT_RETAIN_SELF = YES;
				CLANG_WARN_OBJC_LITERAL_CONVERSION = YES;
				CLANG_WARN_OBJC_ROOT_CLASS = YES_ERROR;
				CLANG_WARN_QUOTED_INCLUDE_IN_FRAMEWORK_HEADER = YES;
				CLANG_WARN_RANGE_LOOP_ANALYSIS = YES;
				CLANG_WARN_STRICT_PROTOTYPES = YES;
				CLANG_WARN_SUSPICIOUS_MOVE = YES;
				CLANG_WARN_UNGUARDED_AVAILABILITY = YES_AGGRESSIVE;
				CLANG_WARN_UNREACHABLE_CODE = YES;
				CLANG_WARN__DUPLICATE_METHOD_MATCH = YES;
				COPY_PHASE_STRIP = NO;
				DEBUG_INFORMATION_FORMAT = dwarf;
				ENABLE_STRICT_OBJC_MSGSEND = YES;
				ENABLE_TESTABILITY = YES;
				GCC_C_LANGUAGE_STANDARD = gnu11;
				GCC_DYNAMIC_NO_PIC = NO;
				GCC_NO_COMMON_BLOCKS = YES;
				GCC_OPTIMIZATION_LEVEL = 0;
				GCC_PREPROCESSOR_DEFINITIONS = (
					"DEBUG=1",
					"$(inherited)",
				);
				GCC_WARN_64_TO_32_BIT_CONVERSION = YES;
				GCC_WARN_ABOUT_RETURN_TYPE = YES_ERROR;
				GCC_WARN_UNDECLARED_SELECTOR = YES;
				GCC_WARN_UNINITIALIZED_AUTOS = YES_AGGRESSIVE;
				GCC_WARN_UNUSED_FUNCTION = YES;
				GCC_WARN_UNUSED_VARIABLE = YES;
				IPHONEOS_DEPLOYMENT_TARGET = 15.4;
				MTL_ENABLE_DEBUG_INFO = INCLUDE_SOURCE;
				MTL_FAST_MATH = YES;
				ONLY_ACTIVE_ARCH = YES;
				SDKROOT = iphoneos;
				SWIFT_ACTIVE_COMPILATION_CONDITIONS = DEBUG;
				SWIFT_OPTIMIZATION_LEVEL = "-Onone";
			};
			name = Debug;
		};
		A1B45946287D79E200E56736 /* Release */ = {
			isa = XCBuildConfiguration;
			buildSettings = {
				ALWAYS_SEARCH_USER_PATHS = NO;
				CLANG_ANALYZER_NONNULL = YES;
				CLANG_ANALYZER_NUMBER_OBJECT_CONVERSION = YES_AGGRESSIVE;
				CLANG_CXX_LANGUAGE_STANDARD = "gnu++17";
				CLANG_ENABLE_MODULES = YES;
				CLANG_ENABLE_OBJC_ARC = YES;
				CLANG_ENABLE_OBJC_WEAK = YES;
				CLANG_WARN_BLOCK_CAPTURE_AUTORELEASING = YES;
				CLANG_WARN_BOOL_CONVERSION = YES;
				CLANG_WARN_COMMA = YES;
				CLANG_WARN_CONSTANT_CONVERSION = YES;
				CLANG_WARN_DEPRECATED_OBJC_IMPLEMENTATIONS = YES;
				CLANG_WARN_DIRECT_OBJC_ISA_USAGE = YES_ERROR;
				CLANG_WARN_DOCUMENTATION_COMMENTS = YES;
				CLANG_WARN_EMPTY_BODY = YES;
				CLANG_WARN_ENUM_CONVERSION = YES;
				CLANG_WARN_INFINITE_RECURSION = YES;
				CLANG_WARN_INT_CONVERSION = YES;
				CLANG_WARN_NON_LITERAL_NULL_CONVERSION = YES;
				CLANG_WARN_OBJC_IMPLICIT_RETAIN_SELF = YES;
				CLANG_WARN_OBJC_LITERAL_CONVERSION = YES;
				CLANG_WARN_OBJC_ROOT_CLASS = YES_ERROR;
				CLANG_WARN_QUOTED_INCLUDE_IN_FRAMEWORK_HEADER = YES;
				CLANG_WARN_RANGE_LOOP_ANALYSIS = YES;
				CLANG_WARN_STRICT_PROTOTYPES = YES;
				CLANG_WARN_SUSPICIOUS_MOVE = YES;
				CLANG_WARN_UNGUARDED_AVAILABILITY = YES_AGGRESSIVE;
				CLANG_WARN_UNREACHABLE_CODE = YES;
				CLANG_WARN__DUPLICATE_METHOD_MATCH = YES;
				COPY_PHASE_STRIP = NO;
				DEBUG_INFORMATION_FORMAT = "dwarf-with-dsym";
				ENABLE_NS_ASSERTIONS = NO;
				ENABLE_STRICT_OBJC_MSGSEND = YES;
				GCC_C_LANGUAGE_STANDARD = gnu11;
				GCC_NO_COMMON_BLOCKS = YES;
				GCC_WARN_64_TO_32_BIT_CONVERSION = YES;
				GCC_WARN_ABOUT_RETURN_TYPE = YES_ERROR;
				GCC_WARN_UNDECLARED_SELECTOR = YES;
				GCC_WARN_UNINITIALIZED_AUTOS = YES_AGGRESSIVE;
				GCC_WARN_UNUSED_FUNCTION = YES;
				GCC_WARN_UNUSED_VARIABLE = YES;
				IPHONEOS_DEPLOYMENT_TARGET = 15.4;
				MTL_ENABLE_DEBUG_INFO = NO;
				MTL_FAST_MATH = YES;
				SDKROOT = iphoneos;
				SWIFT_COMPILATION_MODE = wholemodule;
				SWIFT_OPTIMIZATION_LEVEL = "-O";
				VALIDATE_PRODUCT = YES;
			};
			name = Release;
		};
		A1B45948287D79E200E56736 /* Debug */ = {
			isa = XCBuildConfiguration;
			buildSettings = {
				ASSETCATALOG_COMPILER_APPICON_NAME = AppIcon;
				ASSETCATALOG_COMPILER_GLOBAL_ACCENT_COLOR_NAME = AccentColor;
				CODE_SIGN_STYLE = Automatic;
				CURRENT_PROJECT_VERSION = 1;
				DEVELOPMENT_ASSET_PATHS = "\"GuessTheFlag/Preview Content\"";
				DEVELOPMENT_TEAM = 5AV7BZJV9Q;
				ENABLE_PREVIEWS = YES;
				GENERATE_INFOPLIST_FILE = YES;
				INFOPLIST_KEY_UIApplicationSceneManifest_Generation = YES;
				INFOPLIST_KEY_UIApplicationSupportsIndirectInputEvents = YES;
				INFOPLIST_KEY_UILaunchScreen_Generation = YES;
				INFOPLIST_KEY_UISupportedInterfaceOrientations_iPad = "UIInterfaceOrientationPortrait UIInterfaceOrientationPortraitUpsideDown UIInterfaceOrientationLandscapeLeft UIInterfaceOrientationLandscapeRight";
				INFOPLIST_KEY_UISupportedInterfaceOrientations_iPhone = "UIInterfaceOrientationPortrait UIInterfaceOrientationLandscapeLeft UIInterfaceOrientationLandscapeRight";
				LD_RUNPATH_SEARCH_PATHS = (
					"$(inherited)",
					"@executable_path/Frameworks",
				);
				MARKETING_VERSION = 1.0;
				PRODUCT_BUNDLE_IDENTIFIER = com.aryankafle.GuessTheFlag;
				PRODUCT_NAME = "$(TARGET_NAME)";
				SWIFT_EMIT_LOC_STRINGS = YES;
				SWIFT_VERSION = 5.0;
				TARGETED_DEVICE_FAMILY = "1,2";
			};
			name = Debug;
		};
		A1B45949287D79E200E56736 /* Release */ = {
			isa = XCBuildConfiguration;
			buildSettings = {
				ASSETCATALOG_COMPILER_APPICON_NAME = AppIcon;
				ASSETCATALOG_COMPILER_GLOBAL_ACCENT_COLOR_NAME = AccentColor;
				CODE_SIGN_STYLE = Automatic;
				CURRENT_PROJECT_VERSION = 1;
				DEVELOPMENT_ASSET_PATHS = "\"GuessTheFlag/Preview Content\"";
				DEVELOPMENT_TEAM = 5AV7BZJV9Q;
				ENABLE_PREVIEWS = YES;
				GENERATE_INFOPLIST_FILE = YES;
				INFOPLIST_KEY_UIApplicationSceneManifest_Generation = YES;
				INFOPLIST_KEY_UIApplicationSupportsIndirectInputEvents = YES;
				INFOPLIST_KEY_UILaunchScreen_Generation = YES;
				INFOPLIST_KEY_UISupportedInterfaceOrientations_iPad = "UIInterfaceOrientationPortrait UIInterfaceOrientationPortraitUpsideDown UIInterfaceOrientationLandscapeLeft UIInterfaceOrientationLandscapeRight";
				INFOPLIST_KEY_UISupportedInterfaceOrientations_iPhone = "UIInterfaceOrientationPortrait UIInterfaceOrientationLandscapeLeft UIInterfaceOrientationLandscapeRight";
				LD_RUNPATH_SEARCH_PATHS = (
					"$(inherited)",
					"@executable_path/Frameworks",
				);
				MARKETING_VERSION = 1.0;
				PRODUCT_BUNDLE_IDENTIFIER = com.aryankafle.GuessTheFlag;
				PRODUCT_NAME = "$(TARGET_NAME)";
				SWIFT_EMIT_LOC_STRINGS = YES;
				SWIFT_VERSION = 5.0;
				TARGETED_DEVICE_FAMILY = "1,2";
			};
			name = Release;
		};
/* End XCBuildConfiguration section */

/* Begin XCConfigurationList section */
		A1B45934287D79DE00E56736 /* Build configuration list for PBXProject "GuessTheFlag" */ = {
			isa = XCConfigurationList;
			buildConfigurations = (
				A1B45945287D79E200E56736 /* Debug */,
				A1B45946287D79E200E56736 /* Release */,
			);
			defaultConfigurationIsVisible = 0;
			defaultConfigurationName = Release;
		};
		A1B45947287D79E200E56736 /* Build configuration list for PBXNativeTarget "GuessTheFlag" */ = {
			isa = XCConfigurationList;
			buildConfigurations = (
				A1B45948287D79E200E56736 /* Debug */,
				A1B45949287D79E200E56736 /* Release */,
			);
			defaultConfigurationIsVisible = 0;
			defaultConfigurationName = Release;
		};
/* End XCConfigurationList section */
	};
	rootObject = A1B45931287D79DE00E56736 /* Project object */;
}
